
Microsoft Visual Studio Solution File, Format Version 12.00
# Visual Studio Version 17
VisualStudioVersion = 17.5.33516.290
MinimumVisualStudioVersion = 10.0.40219.1
Project("{FAE04EC0-301F-11D3-BF4B-00C04F79EFBC}") = "Student-Class", "Student-Class\Student-Class.csproj", "{B16FA278-27FF-4AC3-8F3E-4246EFAD691D}"
EndProject
Global
	GlobalSection(SolutionConfigurationPlatforms) = preSolution
		Debug|Any CPU = Debug|Any CPU
		Release|Any CPU = Release|Any CPU
	EndGlobalSection
	GlobalSection(ProjectConfigurationPlatforms) = postSolution
		{B16FA278-27FF-4AC3-8F3E-4246EFAD691D}.Debug|Any CPU.ActiveCfg = Debug|Any CPU
		{B16FA278-27FF-4AC3-8F3E-4246EFAD691D}.Debug|Any CPU.Build.0 = Debug|Any CPU
		{B16FA278-27FF-4AC3-8F3E-4246EFAD691D}.Release|Any CPU.ActiveCfg = Release|Any CPU
		{B16FA278-27FF-4AC3-8F3E-4246EFAD691D}.Release|Any CPU.Build.0 = Release|Any CPU
	EndGlobalSection
	GlobalSection(SolutionProperties) = preSolution
		HideSolutionNode = FALSE
	EndGlobalSection
	GlobalSection(ExtensibilityGlobals) = postSolution
		SolutionGuid = {19A7DECA-2A12-4824-BDF3-462626600FA8}
	EndGlobalSection
EndGlobal
